
Microsoft Visual Studio Solution File, Format Version 12.00
# Visual Studio Version 17
VisualStudioVersion = 17.1.32210.238
MinimumVisualStudioVersion = 10.0.40219.1
Project("{FAE04EC0-301F-11D3-BF4B-00C04F79EFBC}") = "Aplikacja_przemyslowa", "Aplikacja_przemyslowa\Aplikacja_przemyslowa.csproj", "{8AB0D60D-83B9-4FF5-8E14-39F0C718F081}"
EndProject
Project("{FAE04EC0-301F-11D3-BF4B-00C04F79EFBC}") = "Odlewnia", "Odlewnia\Odlewnia.csproj", "{B6DFC23A-11F0-403D-BF02-BB46AE5ED3F7}"
EndProject
Project("{FAE04EC0-301F-11D3-BF4B-00C04F79EFBC}") = "DzialObrobkiMechanicznej", "DzialObrobkiMechanicznej\DzialObrobkiMechanicznej.csproj", "{E6F52357-68CD-4708-AA08-F0BB3D8E2122}"
EndProject
Project("{2150E333-8FDC-42A3-9474-1A3956D46DE8}") = "Solution Items", "Solution Items", "{C4FFDAC0-B65B-498B-A87F-AD3E2C13192B}"
EndProject
Global
	GlobalSection(SolutionConfigurationPlatforms) = preSolution
		Debug|Any CPU = Debug|Any CPU
		Release|Any CPU = Release|Any CPU
	EndGlobalSection
	GlobalSection(ProjectConfigurationPlatforms) = postSolution
		{8AB0D60D-83B9-4FF5-8E14-39F0C718F081}.Debug|Any CPU.ActiveCfg = Debug|Any CPU
		{8AB0D60D-83B9-4FF5-8E14-39F0C718F081}.Debug|Any CPU.Build.0 = Debug|Any CPU
		{8AB0D60D-83B9-4FF5-8E14-39F0C718F081}.Release|Any CPU.ActiveCfg = Release|Any CPU
		{8AB0D60D-83B9-4FF5-8E14-39F0C718F081}.Release|Any CPU.Build.0 = Release|Any CPU
		{B6DFC23A-11F0-403D-BF02-BB46AE5ED3F7}.Debug|Any CPU.ActiveCfg = Debug|Any CPU
		{B6DFC23A-11F0-403D-BF02-BB46AE5ED3F7}.Debug|Any CPU.Build.0 = Debug|Any CPU
		{B6DFC23A-11F0-403D-BF02-BB46AE5ED3F7}.Release|Any CPU.ActiveCfg = Release|Any CPU
		{B6DFC23A-11F0-403D-BF02-BB46AE5ED3F7}.Release|Any CPU.Build.0 = Release|Any CPU
		{E6F52357-68CD-4708-AA08-F0BB3D8E2122}.Debug|Any CPU.ActiveCfg = Debug|Any CPU
		{E6F52357-68CD-4708-AA08-F0BB3D8E2122}.Debug|Any CPU.Build.0 = Debug|Any CPU
		{E6F52357-68CD-4708-AA08-F0BB3D8E2122}.Release|Any CPU.ActiveCfg = Release|Any CPU
		{E6F52357-68CD-4708-AA08-F0BB3D8E2122}.Release|Any CPU.Build.0 = Release|Any CPU
	EndGlobalSection
	GlobalSection(SolutionProperties) = preSolution
		HideSolutionNode = FALSE
	EndGlobalSection
	GlobalSection(ExtensibilityGlobals) = postSolution
		SolutionGuid = {52F1A2E6-38D9-4315-B478-ED3779FDB529}
	EndGlobalSection
EndGlobal
